
Microsoft Visual Studio Solution File, Format Version 12.00
# Visual Studio Version 17
VisualStudioVersion = 17.12.35707.178
MinimumVisualStudioVersion = 10.0.40219.1
Project("{8BC9CEB8-8B4A-11D0-8D11-00A0C91BC942}") = "Minecraft_DirectX", "Minecraft_DirectX\Minecraft_DirectX.vcxproj", "{55821CB9-C744-4974-92F2-83E0C5486D57}"
EndProject
Project("{8BC9CEB8-8B4A-11D0-8D11-00A0C91BC942}") = "WB_Container_Test", "WB_Container_Test\WB_Container_Test.vcxproj", "{32199CB4-23D0-4F08-ADE5-2747573CCB3A}"
EndProject
Project("{8BC9CEB8-8B4A-11D0-8D11-00A0C91BC942}") = "WB_ConsoleLog", "WB_ConsoleLog\WB_ConsoleLog.vcxproj", "{9BA0057D-882B-4FA4-9549-B1AA792C89A9}"
EndProject
Project("{8BC9CEB8-8B4A-11D0-8D11-00A0C91BC942}") = "WB_ConsoleLog_Test", "WB_ConsoleLog_Test\WB_ConsoleLog_Test.vcxproj", "{2B5C791A-3438-478A-B43D-463EB7252D16}"
EndProject
Project("{8BC9CEB8-8B4A-11D0-8D11-00A0C91BC942}") = "WB_Utility", "WB_Utility\WB_Utility.vcxproj", "{4522C49B-2DF0-4603-B9D6-A3A995D04770}"
EndProject
Project("{8BC9CEB8-8B4A-11D0-8D11-00A0C91BC942}") = "WB_Utility_Test", "WB_Utility_Test\WB_Utility_Test.vcxproj", "{335523F8-22AE-4705-B8AE-3355CDD7F746}"
EndProject
Project("{8BC9CEB8-8B4A-11D0-8D11-00A0C91BC942}") = "WB_Event_Test", "WB_Event_Test\WB_Event_Test.vcxproj", "{7482379B-947E-485B-A0C2-CED8BB394E03}"
EndProject
Global
	GlobalSection(SolutionConfigurationPlatforms) = preSolution
		Debug|x64 = Debug|x64
		Debug|x86 = Debug|x86
		Release|x64 = Release|x64
		Release|x86 = Release|x86
	EndGlobalSection
	GlobalSection(ProjectConfigurationPlatforms) = postSolution
		{55821CB9-C744-4974-92F2-83E0C5486D57}.Debug|x64.ActiveCfg = Debug|x64
		{55821CB9-C744-4974-92F2-83E0C5486D57}.Debug|x64.Build.0 = Debug|x64
		{55821CB9-C744-4974-92F2-83E0C5486D57}.Debug|x86.ActiveCfg = Debug|Win32
		{55821CB9-C744-4974-92F2-83E0C5486D57}.Debug|x86.Build.0 = Debug|Win32
		{55821CB9-C744-4974-92F2-83E0C5486D57}.Release|x64.ActiveCfg = Release|x64
		{55821CB9-C744-4974-92F2-83E0C5486D57}.Release|x64.Build.0 = Release|x64
		{55821CB9-C744-4974-92F2-83E0C5486D57}.Release|x86.ActiveCfg = Release|Win32
		{55821CB9-C744-4974-92F2-83E0C5486D57}.Release|x86.Build.0 = Release|Win32
		{32199CB4-23D0-4F08-ADE5-2747573CCB3A}.Debug|x64.ActiveCfg = Debug|x64
		{32199CB4-23D0-4F08-ADE5-2747573CCB3A}.Debug|x64.Build.0 = Debug|x64
		{32199CB4-23D0-4F08-ADE5-2747573CCB3A}.Debug|x86.ActiveCfg = Debug|Win32
		{32199CB4-23D0-4F08-ADE5-2747573CCB3A}.Debug|x86.Build.0 = Debug|Win32
		{32199CB4-23D0-4F08-ADE5-2747573CCB3A}.Release|x64.ActiveCfg = Release|x64
		{32199CB4-23D0-4F08-ADE5-2747573CCB3A}.Release|x64.Build.0 = Release|x64
		{32199CB4-23D0-4F08-ADE5-2747573CCB3A}.Release|x86.ActiveCfg = Release|Win32
		{32199CB4-23D0-4F08-ADE5-2747573CCB3A}.Release|x86.Build.0 = Release|Win32
		{9BA0057D-882B-4FA4-9549-B1AA792C89A9}.Debug|x64.ActiveCfg = Debug|x64
		{9BA0057D-882B-4FA4-9549-B1AA792C89A9}.Debug|x64.Build.0 = Debug|x64
		{9BA0057D-882B-4FA4-9549-B1AA792C89A9}.Debug|x86.ActiveCfg = Debug|Win32
		{9BA0057D-882B-4FA4-9549-B1AA792C89A9}.Debug|x86.Build.0 = Debug|Win32
		{9BA0057D-882B-4FA4-9549-B1AA792C89A9}.Release|x64.ActiveCfg = Release|x64
		{9BA0057D-882B-4FA4-9549-B1AA792C89A9}.Release|x64.Build.0 = Release|x64
		{9BA0057D-882B-4FA4-9549-B1AA792C89A9}.Release|x86.ActiveCfg = Release|Win32
		{9BA0057D-882B-4FA4-9549-B1AA792C89A9}.Release|x86.Build.0 = Release|Win32
		{2B5C791A-3438-478A-B43D-463EB7252D16}.Debug|x64.ActiveCfg = Debug|x64
		{2B5C791A-3438-478A-B43D-463EB7252D16}.Debug|x64.Build.0 = Debug|x64
		{2B5C791A-3438-478A-B43D-463EB7252D16}.Debug|x86.ActiveCfg = Debug|Win32
		{2B5C791A-3438-478A-B43D-463EB7252D16}.Debug|x86.Build.0 = Debug|Win32
		{2B5C791A-3438-478A-B43D-463EB7252D16}.Release|x64.ActiveCfg = Release|x64
		{2B5C791A-3438-478A-B43D-463EB7252D16}.Release|x64.Build.0 = Release|x64
		{2B5C791A-3438-478A-B43D-463EB7252D16}.Release|x86.ActiveCfg = Release|Win32
		{2B5C791A-3438-478A-B43D-463EB7252D16}.Release|x86.Build.0 = Release|Win32
		{4522C49B-2DF0-4603-B9D6-A3A995D04770}.Debug|x64.ActiveCfg = Debug|x64
		{4522C49B-2DF0-4603-B9D6-A3A995D04770}.Debug|x64.Build.0 = Debug|x64
		{4522C49B-2DF0-4603-B9D6-A3A995D04770}.Debug|x86.ActiveCfg = Debug|Win32
		{4522C49B-2DF0-4603-B9D6-A3A995D04770}.Debug|x86.Build.0 = Debug|Win32
		{4522C49B-2DF0-4603-B9D6-A3A995D04770}.Release|x64.ActiveCfg = Release|x64
		{4522C49B-2DF0-4603-B9D6-A3A995D04770}.Release|x64.Build.0 = Release|x64
		{4522C49B-2DF0-4603-B9D6-A3A995D04770}.Release|x86.ActiveCfg = Release|Win32
		{4522C49B-2DF0-4603-B9D6-A3A995D04770}.Release|x86.Build.0 = Release|Win32
		{335523F8-22AE-4705-B8AE-3355CDD7F746}.Debug|x64.ActiveCfg = Debug|x64
		{335523F8-22AE-4705-B8AE-3355CDD7F746}.Debug|x64.Build.0 = Debug|x64
		{335523F8-22AE-4705-B8AE-3355CDD7F746}.Debug|x86.ActiveCfg = Debug|Win32
		{335523F8-22AE-4705-B8AE-3355CDD7F746}.Debug|x86.Build.0 = Debug|Win32
		{335523F8-22AE-4705-B8AE-3355CDD7F746}.Release|x64.ActiveCfg = Release|x64
		{335523F8-22AE-4705-B8AE-3355CDD7F746}.Release|x64.Build.0 = Release|x64
		{335523F8-22AE-4705-B8AE-3355CDD7F746}.Release|x86.ActiveCfg = Release|Win32
		{335523F8-22AE-4705-B8AE-3355CDD7F746}.Release|x86.Build.0 = Release|Win32
		{7482379B-947E-485B-A0C2-CED8BB394E03}.Debug|x64.ActiveCfg = Debug|x64
		{7482379B-947E-485B-A0C2-CED8BB394E03}.Debug|x64.Build.0 = Debug|x64
		{7482379B-947E-485B-A0C2-CED8BB394E03}.Debug|x86.ActiveCfg = Debug|Win32
		{7482379B-947E-485B-A0C2-CED8BB394E03}.Debug|x86.Build.0 = Debug|Win32
		{7482379B-947E-485B-A0C2-CED8BB394E03}.Release|x64.ActiveCfg = Release|x64
		{7482379B-947E-485B-A0C2-CED8BB394E03}.Release|x64.Build.0 = Release|x64
		{7482379B-947E-485B-A0C2-CED8BB394E03}.Release|x86.ActiveCfg = Release|Win32
		{7482379B-947E-485B-A0C2-CED8BB394E03}.Release|x86.Build.0 = Release|Win32
	EndGlobalSection
	GlobalSection(SolutionProperties) = preSolution
		HideSolutionNode = FALSE
	EndGlobalSection
	GlobalSection(ExtensibilityGlobals) = postSolution
		SolutionGuid = {8E16C985-F9C2-4D48-AB5D-75B62726173E}
	EndGlobalSection
EndGlobal
